// !$*UTF8*$!
{
	archiveVersion = 1;
	classes = {
	};
	objectVersion = 46;
	objects = {

/* Begin PBXBuildFile section */
		40009D501752F2460077218B /* ASIAuthenticationDialog.m in Sources */ = {isa = PBXBuildFile; fileRef = 40009D191752F2460077218B /* ASIAuthenticationDialog.m */; };
		40009D511752F2460077218B /* ASIFormDataRequest.m in Sources */ = {isa = PBXBuildFile; fileRef = 40009D1B1752F2460077218B /* ASIFormDataRequest.m */; };
		40009D521752F2460077218B /* ASIHTTPRequest.m in Sources */ = {isa = PBXBuildFile; fileRef = 40009D1D1752F2460077218B /* ASIHTTPRequest.m */; };
		40009D531752F2460077218B /* ASIInputStream.m in Sources */ = {isa = PBXBuildFile; fileRef = 40009D211752F2460077218B /* ASIInputStream.m */; };
		40009D541752F2460077218B /* ASINetworkQueue.m in Sources */ = {isa = PBXBuildFile; fileRef = 40009D231752F2460077218B /* ASINetworkQueue.m */; };
		40009D551752F2460077218B /* ASINSStringAdditions.m in Sources */ = {isa = PBXBuildFile; fileRef = 40009D251752F2460077218B /* ASINSStringAdditions.m */; };
		40009D561752F2460077218B /* Reachability.m in Sources */ = {isa = PBXBuildFile; fileRef = 40009D281752F2460077218B /* Reachability.m */; };
		40009D571752F2460077218B /* GTMBase64.m in Sources */ = {isa = PBXBuildFile; fileRef = 40009D2B1752F2460077218B /* GTMBase64.m */; };
		40009D581752F2460077218B /* JSONKit.m in Sources */ = {isa = PBXBuildFile; fileRef = 40009D2F1752F2460077218B /* JSONKit.m */; };
		40009D651752F2460077218B /* UpYun.m in Sources */ = {isa = PBXBuildFile; fileRef = 40009D4B1752F2460077218B /* UpYun.m */; };
		40009D661752F2460077218B /* WBUtil.m in Sources */ = {isa = PBXBuildFile; fileRef = 40009D4F1752F2460077218B /* WBUtil.m */; };
		405FF06F173390C800DF2BF4 /* image.jpg in Resources */ = {isa = PBXBuildFile; fileRef = 405FF06E173390C800DF2BF4 /* image.jpg */; };
		41320F00158989500092B1B5 /* UIKit.framework in Frameworks */ = {isa = PBXBuildFile; fileRef = 41320EFF158989500092B1B5 /* UIKit.framework */; };
		41320F02158989500092B1B5 /* Foundation.framework in Frameworks */ = {isa = PBXBuildFile; fileRef = 41320F01158989500092B1B5 /* Foundation.framework */; };
		41320F04158989500092B1B5 /* CoreGraphics.framework in Frameworks */ = {isa = PBXBuildFile; fileRef = 41320F03158989500092B1B5 /* CoreGraphics.framework */; };
		41320F0A158989500092B1B5 /* InfoPlist.strings in Resources */ = {isa = PBXBuildFile; fileRef = 41320F08158989500092B1B5 /* InfoPlist.strings */; };
		41320F0C158989500092B1B5 /* main.m in Sources */ = {isa = PBXBuildFile; fileRef = 41320F0B158989500092B1B5 /* main.m */; };
		41320F10158989500092B1B5 /* AppDelegate.m in Sources */ = {isa = PBXBuildFile; fileRef = 41320F0F158989500092B1B5 /* AppDelegate.m */; };
		41320F13158989500092B1B5 /* ViewController.m in Sources */ = {isa = PBXBuildFile; fileRef = 41320F12158989500092B1B5 /* ViewController.m */; };
		41320F16158989500092B1B5 /* ViewController_iPhone.xib in Resources */ = {isa = PBXBuildFile; fileRef = 41320F14158989500092B1B5 /* ViewController_iPhone.xib */; };
		41320F19158989500092B1B5 /* ViewController_iPad.xib in Resources */ = {isa = PBXBuildFile; fileRef = 41320F17158989500092B1B5 /* ViewController_iPad.xib */; };
		41320F22158989500092B1B5 /* UIKit.framework in Frameworks */ = {isa = PBXBuildFile; fileRef = 41320EFF158989500092B1B5 /* UIKit.framework */; };
		41320F23158989500092B1B5 /* Foundation.framework in Frameworks */ = {isa = PBXBuildFile; fileRef = 41320F01158989500092B1B5 /* Foundation.framework */; };
		41320F7015898BBF0092B1B5 /* CFNetwork.framework in Frameworks */ = {isa = PBXBuildFile; fileRef = 41320F6F15898BBF0092B1B5 /* CFNetwork.framework */; };
		41320F7215898BCA0092B1B5 /* libz.1.2.5.dylib in Frameworks */ = {isa = PBXBuildFile; fileRef = 41320F7115898BCA0092B1B5 /* libz.1.2.5.dylib */; };
		41320F7415898BD50092B1B5 /* MobileCoreServices.framework in Frameworks */ = {isa = PBXBuildFile; fileRef = 41320F7315898BD40092B1B5 /* MobileCoreServices.framework */; };
		41320F7615898BDB0092B1B5 /* SystemConfiguration.framework in Frameworks */ = {isa = PBXBuildFile; fileRef = 41320F7515898BDB0092B1B5 /* SystemConfiguration.framework */; };
/* End PBXBuildFile section */

/* Begin PBXContainerItemProxy section */
		41320F24158989500092B1B5 /* PBXContainerItemProxy */ = {
			isa = PBXContainerItemProxy;
			containerPortal = 41320EF2158989500092B1B5 /* Project object */;
			proxyType = 1;
			remoteGlobalIDString = 41320EFA158989500092B1B5;
			remoteInfo = upyundemo;
		};
/* End PBXContainerItemProxy section */

/* Begin PBXFileReference section */
		40009D181752F2460077218B /* ASIAuthenticationDialog.h */ = {isa = PBXFileReference; fileEncoding = 4; lastKnownFileType = sourcecode.c.h; path = ASIAuthenticationDialog.h; sourceTree = "<group>"; };
		40009D191752F2460077218B /* ASIAuthenticationDialog.m */ = {isa = PBXFileReference; fileEncoding = 4; lastKnownFileType = sourcecode.c.objc; path = ASIAuthenticationDialog.m; sourceTree = "<group>"; };
		40009D1A1752F2460077218B /* ASIFormDataRequest.h */ = {isa = PBXFileReference; fileEncoding = 4; lastKnownFileType = sourcecode.c.h; path = ASIFormDataRequest.h; sourceTree = "<group>"; };
		40009D1B1752F2460077218B /* ASIFormDataRequest.m */ = {isa = PBXFileReference; fileEncoding = 4; lastKnownFileType = sourcecode.c.objc; path = ASIFormDataRequest.m; sourceTree = "<group>"; };
		40009D1C1752F2460077218B /* ASIHTTPRequest.h */ = {isa = PBXFileReference; fileEncoding = 4; lastKnownFileType = sourcecode.c.h; path = ASIHTTPRequest.h; sourceTree = "<group>"; };
		40009D1D1752F2460077218B /* ASIHTTPRequest.m */ = {isa = PBXFileReference; fileEncoding = 4; lastKnownFileType = sourcecode.c.objc; path = ASIHTTPRequest.m; sourceTree = "<group>"; };
		40009D1E1752F2460077218B /* ASIHTTPRequestConfig.h */ = {isa = PBXFileReference; fileEncoding = 4; lastKnownFileType = sourcecode.c.h; path = ASIHTTPRequestConfig.h; sourceTree = "<group>"; };
		40009D1F1752F2460077218B /* ASIHTTPRequestDelegate.h */ = {isa = PBXFileReference; fileEncoding = 4; lastKnownFileType = sourcecode.c.h; path = ASIHTTPRequestDelegate.h; sourceTree = "<group>"; };
		40009D201752F2460077218B /* ASIInputStream.h */ = {isa = PBXFileReference; fileEncoding = 4; lastKnownFileType = sourcecode.c.h; path = ASIInputStream.h; sourceTree = "<group>"; };
		40009D211752F2460077218B /* ASIInputStream.m */ = {isa = PBXFileReference; fileEncoding = 4; lastKnownFileType = sourcecode.c.objc; path = ASIInputStream.m; sourceTree = "<group>"; };
		40009D221752F2460077218B /* ASINetworkQueue.h */ = {isa = PBXFileReference; fileEncoding = 4; lastKnownFileType = sourcecode.c.h; path = ASINetworkQueue.h; sourceTree = "<group>"; };
		40009D231752F2460077218B /* ASINetworkQueue.m */ = {isa = PBXFileReference; fileEncoding = 4; lastKnownFileType = sourcecode.c.objc; path = ASINetworkQueue.m; sourceTree = "<group>"; };
		40009D241752F2460077218B /* ASINSStringAdditions.h */ = {isa = PBXFileReference; fileEncoding = 4; lastKnownFileType = sourcecode.c.h; path = ASINSStringAdditions.h; sourceTree = "<group>"; };
		40009D251752F2460077218B /* ASINSStringAdditions.m */ = {isa = PBXFileReference; fileEncoding = 4; lastKnownFileType = sourcecode.c.objc; path = ASINSStringAdditions.m; sourceTree = "<group>"; };
		40009D261752F2460077218B /* ASIProgressDelegate.h */ = {isa = PBXFileReference; fileEncoding = 4; lastKnownFileType = sourcecode.c.h; path = ASIProgressDelegate.h; sourceTree = "<group>"; };
		40009D271752F2460077218B /* Reachability.h */ = {isa = PBXFileReference; fileEncoding = 4; lastKnownFileType = sourcecode.c.h; path = Reachability.h; sourceTree = "<group>"; };
		40009D281752F2460077218B /* Reachability.m */ = {isa = PBXFileReference; fileEncoding = 4; lastKnownFileType = sourcecode.c.objc; path = Reachability.m; sourceTree = "<group>"; };
		40009D2A1752F2460077218B /* GTMBase64.h */ = {isa = PBXFileReference; fileEncoding = 4; lastKnownFileType = sourcecode.c.h; path = GTMBase64.h; sourceTree = "<group>"; };
		40009D2B1752F2460077218B /* GTMBase64.m */ = {isa = PBXFileReference; fileEncoding = 4; lastKnownFileType = sourcecode.c.objc; path = GTMBase64.m; sourceTree = "<group>"; };
		40009D2C1752F2460077218B /* GTMDefines.h */ = {isa = PBXFileReference; fileEncoding = 4; lastKnownFileType = sourcecode.c.h; path = GTMDefines.h; sourceTree = "<group>"; };
		40009D2E1752F2460077218B /* JSONKit.h */ = {isa = PBXFileReference; fileEncoding = 4; lastKnownFileType = sourcecode.c.h; path = JSONKit.h; sourceTree = "<group>"; };
		40009D2F1752F2460077218B /* JSONKit.m */ = {isa = PBXFileReference; fileEncoding = 4; lastKnownFileType = sourcecode.c.objc; path = JSONKit.m; sourceTree = "<group>"; };
		40009D4A1752F2460077218B /* UpYun.h */ = {isa = PBXFileReference; fileEncoding = 4; lastKnownFileType = sourcecode.c.h; path = UpYun.h; sourceTree = "<group>"; };
		40009D4B1752F2460077218B /* UpYun.m */ = {isa = PBXFileReference; fileEncoding = 4; lastKnownFileType = sourcecode.c.objc; path = UpYun.m; sourceTree = "<group>"; };
		40009D4C1752F2460077218B /* UpYunSDK-Prefix.pch */ = {isa = PBXFileReference; fileEncoding = 4; lastKnownFileType = sourcecode.c.h; path = "UpYunSDK-Prefix.pch"; sourceTree = "<group>"; };
		40009D4E1752F2460077218B /* WBUtil.h */ = {isa = PBXFileReference; fileEncoding = 4; lastKnownFileType = sourcecode.c.h; path = WBUtil.h; sourceTree = "<group>"; };
		40009D4F1752F2460077218B /* WBUtil.m */ = {isa = PBXFileReference; fileEncoding = 4; lastKnownFileType = sourcecode.c.objc; path = WBUtil.m; sourceTree = "<group>"; };
		405FF06E173390C800DF2BF4 /* image.jpg */ = {isa = PBXFileReference; lastKnownFileType = image.jpeg; path = image.jpg; sourceTree = "<group>"; };
		41320EFB158989500092B1B5 /* upyundemo.app */ = {isa = PBXFileReference; explicitFileType = wrapper.application; includeInIndex = 0; path = upyundemo.app; sourceTree = BUILT_PRODUCTS_DIR; };
		41320EFF158989500092B1B5 /* UIKit.framework */ = {isa = PBXFileReference; lastKnownFileType = wrapper.framework; name = UIKit.framework; path = System/Library/Frameworks/UIKit.framework; sourceTree = SDKROOT; };
		41320F01158989500092B1B5 /* Foundation.framework */ = {isa = PBXFileReference; lastKnownFileType = wrapper.framework; name = Foundation.framework; path = System/Library/Frameworks/Foundation.framework; sourceTree = SDKROOT; };
		41320F03158989500092B1B5 /* CoreGraphics.framework */ = {isa = PBXFileReference; lastKnownFileType = wrapper.framework; name = CoreGraphics.framework; path = System/Library/Frameworks/CoreGraphics.framework; sourceTree = SDKROOT; };
		41320F07158989500092B1B5 /* upyundemo-Info.plist */ = {isa = PBXFileReference; lastKnownFileType = text.plist.xml; path = "upyundemo-Info.plist"; sourceTree = "<group>"; };
		41320F09158989500092B1B5 /* en */ = {isa = PBXFileReference; lastKnownFileType = text.plist.strings; name = en; path = en.lproj/InfoPlist.strings; sourceTree = "<group>"; };
		41320F0B158989500092B1B5 /* main.m */ = {isa = PBXFileReference; lastKnownFileType = sourcecode.c.objc; path = main.m; sourceTree = "<group>"; };
		41320F0D158989500092B1B5 /* upyundemo-Prefix.pch */ = {isa = PBXFileReference; lastKnownFileType = sourcecode.c.h; path = "upyundemo-Prefix.pch"; sourceTree = "<group>"; };
		41320F0E158989500092B1B5 /* AppDelegate.h */ = {isa = PBXFileReference; lastKnownFileType = sourcecode.c.h; path = AppDelegate.h; sourceTree = "<group>"; };
		41320F0F158989500092B1B5 /* AppDelegate.m */ = {isa = PBXFileReference; lastKnownFileType = sourcecode.c.objc; path = AppDelegate.m; sourceTree = "<group>"; };
		41320F11158989500092B1B5 /* ViewController.h */ = {isa = PBXFileReference; lastKnownFileType = sourcecode.c.h; path = ViewController.h; sourceTree = "<group>"; };
		41320F12158989500092B1B5 /* ViewController.m */ = {isa = PBXFileReference; lastKnownFileType = sourcecode.c.objc; path = ViewController.m; sourceTree = "<group>"; };
		41320F15158989500092B1B5 /* en */ = {isa = PBXFileReference; lastKnownFileType = file.xib; name = en; path = en.lproj/ViewController_iPhone.xib; sourceTree = "<group>"; };
		41320F18158989500092B1B5 /* en */ = {isa = PBXFileReference; lastKnownFileType = file.xib; name = en; path = en.lproj/ViewController_iPad.xib; sourceTree = "<group>"; };
		41320F1F158989500092B1B5 /* upyundemoTests.octest */ = {isa = PBXFileReference; explicitFileType = wrapper.cfbundle; includeInIndex = 0; path = upyundemoTests.octest; sourceTree = BUILT_PRODUCTS_DIR; };
		41320F6F15898BBF0092B1B5 /* CFNetwork.framework */ = {isa = PBXFileReference; lastKnownFileType = wrapper.framework; name = CFNetwork.framework; path = System/Library/Frameworks/CFNetwork.framework; sourceTree = SDKROOT; };
		41320F7115898BCA0092B1B5 /* libz.1.2.5.dylib */ = {isa = PBXFileReference; lastKnownFileType = "compiled.mach-o.dylib"; name = libz.1.2.5.dylib; path = usr/lib/libz.1.2.5.dylib; sourceTree = SDKROOT; };
		41320F7315898BD40092B1B5 /* MobileCoreServices.framework */ = {isa = PBXFileReference; lastKnownFileType = wrapper.framework; name = MobileCoreServices.framework; path = System/Library/Frameworks/MobileCoreServices.framework; sourceTree = SDKROOT; };
		41320F7515898BDB0092B1B5 /* SystemConfiguration.framework */ = {isa = PBXFileReference; lastKnownFileType = wrapper.framework; name = SystemConfiguration.framework; path = System/Library/Frameworks/SystemConfiguration.framework; sourceTree = SDKROOT; };
/* End PBXFileReference section */

/* Begin PBXFrameworksBuildPhase section */
		41320EF8158989500092B1B5 /* Frameworks */ = {
			isa = PBXFrameworksBuildPhase;
			buildActionMask = 2147483647;
			files = (
				41320F7615898BDB0092B1B5 /* SystemConfiguration.framework in Frameworks */,
				41320F7415898BD50092B1B5 /* MobileCoreServices.framework in Frameworks */,
				41320F7215898BCA0092B1B5 /* libz.1.2.5.dylib in Frameworks */,
				41320F7015898BBF0092B1B5 /* CFNetwork.framework in Frameworks */,
				41320F00158989500092B1B5 /* UIKit.framework in Frameworks */,
				41320F02158989500092B1B5 /* Foundation.framework in Frameworks */,
				41320F04158989500092B1B5 /* CoreGraphics.framework in Frameworks */,
			);
			runOnlyForDeploymentPostprocessing = 0;
		};
		41320F1B158989500092B1B5 /* Frameworks */ = {
			isa = PBXFrameworksBuildPhase;
			buildActionMask = 2147483647;
			files = (
				41320F22158989500092B1B5 /* UIKit.framework in Frameworks */,
				41320F23158989500092B1B5 /* Foundation.framework in Frameworks */,
			);
			runOnlyForDeploymentPostprocessing = 0;
		};
/* End PBXFrameworksBuildPhase section */

/* Begin PBXGroup section */
		40009D161752F2460077218B /* UpYunSDK */ = {
			isa = PBXGroup;
			children = (
				40009D171752F2460077218B /* ASIHTTPRequest */,
				40009D291752F2460077218B /* CTMBase64 */,
				40009D2D1752F2460077218B /* JSONKit */,
				40009D4A1752F2460077218B /* UpYun.h */,
				40009D4B1752F2460077218B /* UpYun.m */,
				40009D4C1752F2460077218B /* UpYunSDK-Prefix.pch */,
				40009D4D1752F2460077218B /* Utils */,
			);
			name = UpYunSDK;
			path = ../../UpYunSDK;
			sourceTree = "<group>";
		};
		40009D171752F2460077218B /* ASIHTTPRequest */ = {
			isa = PBXGroup;
			children = (
				40009D181752F2460077218B /* ASIAuthenticationDialog.h */,
				40009D191752F2460077218B /* ASIAuthenticationDialog.m */,
				40009D1A1752F2460077218B /* ASIFormDataRequest.h */,
				40009D1B1752F2460077218B /* ASIFormDataRequest.m */,
				40009D1C1752F2460077218B /* ASIHTTPRequest.h */,
				40009D1D1752F2460077218B /* ASIHTTPRequest.m */,
				40009D1E1752F2460077218B /* ASIHTTPRequestConfig.h */,
				40009D1F1752F2460077218B /* ASIHTTPRequestDelegate.h */,
				40009D201752F2460077218B /* ASIInputStream.h */,
				40009D211752F2460077218B /* ASIInputStream.m */,
				40009D221752F2460077218B /* ASINetworkQueue.h */,
				40009D231752F2460077218B /* ASINetworkQueue.m */,
				40009D241752F2460077218B /* ASINSStringAdditions.h */,
				40009D251752F2460077218B /* ASINSStringAdditions.m */,
				40009D261752F2460077218B /* ASIProgressDelegate.h */,
				40009D271752F2460077218B /* Reachability.h */,
				40009D281752F2460077218B /* Reachability.m */,
			);
			path = ASIHTTPRequest;
			sourceTree = "<group>";
		};
		40009D291752F2460077218B /* CTMBase64 */ = {
			isa = PBXGroup;
			children = (
				40009D2A1752F2460077218B /* GTMBase64.h */,
				40009D2B1752F2460077218B /* GTMBase64.m */,
				40009D2C1752F2460077218B /* GTMDefines.h */,
			);
			path = CTMBase64;
			sourceTree = "<group>";
		};
		40009D2D1752F2460077218B /* JSONKit */ = {
			isa = PBXGroup;
			children = (
				40009D2E1752F2460077218B /* JSONKit.h */,
				40009D2F1752F2460077218B /* JSONKit.m */,
			);
			path = JSONKit;
			sourceTree = "<group>";
		};
		40009D4D1752F2460077218B /* Utils */ = {
			isa = PBXGroup;
			children = (
				40009D4E1752F2460077218B /* WBUtil.h */,
				40009D4F1752F2460077218B /* WBUtil.m */,
			);
			path = Utils;
			sourceTree = "<group>";
		};
		41320EF0158989500092B1B5 = {
			isa = PBXGroup;
			children = (
				41320F05158989500092B1B5 /* upyundemo */,
				41320EFE158989500092B1B5 /* Frameworks */,
				41320EFC158989500092B1B5 /* Products */,
			);
			sourceTree = "<group>";
		};
		41320EFC158989500092B1B5 /* Products */ = {
			isa = PBXGroup;
			children = (
				41320EFB158989500092B1B5 /* upyundemo.app */,
				41320F1F158989500092B1B5 /* upyundemoTests.octest */,
			);
			name = Products;
			sourceTree = "<group>";
		};
		41320EFE158989500092B1B5 /* Frameworks */ = {
			isa = PBXGroup;
			children = (
				41320F7515898BDB0092B1B5 /* SystemConfiguration.framework */,
				41320F7315898BD40092B1B5 /* MobileCoreServices.framework */,
				41320F7115898BCA0092B1B5 /* libz.1.2.5.dylib */,
				41320F6F15898BBF0092B1B5 /* CFNetwork.framework */,
				41320EFF158989500092B1B5 /* UIKit.framework */,
				41320F01158989500092B1B5 /* Foundation.framework */,
				41320F03158989500092B1B5 /* CoreGraphics.framework */,
			);
			name = Frameworks;
			sourceTree = "<group>";
		};
		41320F05158989500092B1B5 /* upyundemo */ = {
			isa = PBXGroup;
			children = (
				40009D161752F2460077218B /* UpYunSDK */,
				41320F7B15898EE60092B1B5 /* Resources */,
				41320F0E158989500092B1B5 /* AppDelegate.h */,
				41320F0F158989500092B1B5 /* AppDelegate.m */,
				41320F11158989500092B1B5 /* ViewController.h */,
				41320F12158989500092B1B5 /* ViewController.m */,
				41320F14158989500092B1B5 /* ViewController_iPhone.xib */,
				41320F17158989500092B1B5 /* ViewController_iPad.xib */,
				41320F06158989500092B1B5 /* Supporting Files */,
			);
			path = upyundemo;
			sourceTree = "<group>";
		};
		41320F06158989500092B1B5 /* Supporting Files */ = {
			isa = PBXGroup;
			children = (
				41320F07158989500092B1B5 /* upyundemo-Info.plist */,
				41320F08158989500092B1B5 /* InfoPlist.strings */,
				41320F0B158989500092B1B5 /* main.m */,
				41320F0D158989500092B1B5 /* upyundemo-Prefix.pch */,
			);
			name = "Supporting Files";
			sourceTree = "<group>";
		};
		41320F7B15898EE60092B1B5 /* Resources */ = {
			isa = PBXGroup;
			children = (
				405FF06E173390C800DF2BF4 /* image.jpg */,
			);
			name = Resources;
			sourceTree = "<group>";
		};
/* End PBXGroup section */

/* Begin PBXNativeTarget section */
		41320EFA158989500092B1B5 /* upyundemo */ = {
			isa = PBXNativeTarget;
			buildConfigurationList = 41320F31158989500092B1B5 /* Build configuration list for PBXNativeTarget "upyundemo" */;
			buildPhases = (
				41320EF7158989500092B1B5 /* Sources */,
				41320EF8158989500092B1B5 /* Frameworks */,
				41320EF9158989500092B1B5 /* Resources */,
			);
			buildRules = (
			);
			dependencies = (
			);
			name = upyundemo;
			productName = upyundemo;
			productReference = 41320EFB158989500092B1B5 /* upyundemo.app */;
			productType = "com.apple.product-type.application";
		};
		41320F1E158989500092B1B5 /* upyundemoTests */ = {
			isa = PBXNativeTarget;
			buildConfigurationList = 41320F34158989500092B1B5 /* Build configuration list for PBXNativeTarget "upyundemoTests" */;
			buildPhases = (
				41320F1A158989500092B1B5 /* Sources */,
				41320F1B158989500092B1B5 /* Frameworks */,
				41320F1C158989500092B1B5 /* Resources */,
				41320F1D158989500092B1B5 /* ShellScript */,
			);
			buildRules = (
			);
			dependencies = (
				41320F25158989500092B1B5 /* PBXTargetDependency */,
			);
			name = upyundemoTests;
			productName = upyundemoTests;
			productReference = 41320F1F158989500092B1B5 /* upyundemoTests.octest */;
			productType = "com.apple.product-type.bundle";
		};
/* End PBXNativeTarget section */

/* Begin PBXProject section */
		41320EF2158989500092B1B5 /* Project object */ = {
			isa = PBXProject;
			attributes = {
				LastUpgradeCheck = 0430;
			};
			buildConfigurationList = 41320EF5158989500092B1B5 /* Build configuration list for PBXProject "upyundemo" */;
			compatibilityVersion = "Xcode 3.2";
			developmentRegion = English;
			hasScannedForEncodings = 0;
			knownRegions = (
				en,
			);
			mainGroup = 41320EF0158989500092B1B5;
			productRefGroup = 41320EFC158989500092B1B5 /* Products */;
			projectDirPath = "";
			projectRoot = "";
			targets = (
				41320EFA158989500092B1B5 /* upyundemo */,
				41320F1E158989500092B1B5 /* upyundemoTests */,
			);
		};
/* End PBXProject section */

/* Begin PBXResourcesBuildPhase section */
		41320EF9158989500092B1B5 /* Resources */ = {
			isa = PBXResourcesBuildPhase;
			buildActionMask = 2147483647;
			files = (
				41320F0A158989500092B1B5 /* InfoPlist.strings in Resources */,
				41320F16158989500092B1B5 /* ViewController_iPhone.xib in Resources */,
				41320F19158989500092B1B5 /* ViewController_iPad.xib in Resources */,
				405FF06F173390C800DF2BF4 /* image.jpg in Resources */,
			);
			runOnlyForDeploymentPostprocessing = 0;
		};
		41320F1C158989500092B1B5 /* Resources */ = {
			isa = PBXResourcesBuildPhase;
			buildActionMask = 2147483647;
			files = (
			);
			runOnlyForDeploymentPostprocessing = 0;
		};
/* End PBXResourcesBuildPhase section */

/* Begin PBXShellScriptBuildPhase section */
		41320F1D158989500092B1B5 /* ShellScript */ = {
			isa = PBXShellScriptBuildPhase;
			buildActionMask = 2147483647;
			files = (
			);
			inputPaths = (
			);
			outputPaths = (
			);
			runOnlyForDeploymentPostprocessing = 0;
			shellPath = /bin/sh;
			shellScript = "# Run the unit tests in this test bundle.\n\"${SYSTEM_DEVELOPER_DIR}/Tools/RunUnitTests\"\n";
		};
/* End PBXShellScriptBuildPhase section */

/* Begin PBXSourcesBuildPhase section */
		41320EF7158989500092B1B5 /* Sources */ = {
			isa = PBXSourcesBuildPhase;
			buildActionMask = 2147483647;
			files = (
				41320F0C158989500092B1B5 /* main.m in Sources */,
				41320F10158989500092B1B5 /* AppDelegate.m in Sources */,
				41320F13158989500092B1B5 /* ViewController.m in Sources */,
				40009D501752F2460077218B /* ASIAuthenticationDialog.m in Sources */,
				40009D511752F2460077218B /* ASIFormDataRequest.m in Sources */,
				40009D521752F2460077218B /* ASIHTTPRequest.m in Sources */,
				40009D531752F2460077218B /* ASIInputStream.m in Sources */,
				40009D541752F2460077218B /* ASINetworkQueue.m in Sources */,
				40009D551752F2460077218B /* ASINSStringAdditions.m in Sources */,
				40009D561752F2460077218B /* Reachability.m in Sources */,
				40009D571752F2460077218B /* GTMBase64.m in Sources */,
				40009D581752F2460077218B /* JSONKit.m in Sources */,
				40009D651752F2460077218B /* UpYun.m in Sources */,
				40009D661752F2460077218B /* WBUtil.m in Sources */,
			);
			runOnlyForDeploymentPostprocessing = 0;
		};
		41320F1A158989500092B1B5 /* Sources */ = {
			isa = PBXSourcesBuildPhase;
			buildActionMask = 2147483647;
			files = (
			);
			runOnlyForDeploymentPostprocessing = 0;
		};
/* End PBXSourcesBuildPhase section */

/* Begin PBXTargetDependency section */
		41320F25158989500092B1B5 /* PBXTargetDependency */ = {
			isa = PBXTargetDependency;
			target = 41320EFA158989500092B1B5 /* upyundemo */;
			targetProxy = 41320F24158989500092B1B5 /* PBXContainerItemProxy */;
		};
/* End PBXTargetDependency section */

/* Begin PBXVariantGroup section */
		41320F08158989500092B1B5 /* InfoPlist.strings */ = {
			isa = PBXVariantGroup;
			children = (
				41320F09158989500092B1B5 /* en */,
			);
			name = InfoPlist.strings;
			sourceTree = "<group>";
		};
		41320F14158989500092B1B5 /* ViewController_iPhone.xib */ = {
			isa = PBXVariantGroup;
			children = (
				41320F15158989500092B1B5 /* en */,
			);
			name = ViewController_iPhone.xib;
			sourceTree = "<group>";
		};
		41320F17158989500092B1B5 /* ViewController_iPad.xib */ = {
			isa = PBXVariantGroup;
			children = (
				41320F18158989500092B1B5 /* en */,
			);
			name = ViewController_iPad.xib;
			sourceTree = "<group>";
		};
/* End PBXVariantGroup section */

/* Begin XCBuildConfiguration section */
		41320F2F158989500092B1B5 /* Debug */ = {
			isa = XCBuildConfiguration;
			buildSettings = {
				ALWAYS_SEARCH_USER_PATHS = NO;
				ARCHS = (
					armv6,
					armv7,
				);
				"CODE_SIGN_IDENTITY[sdk=iphoneos*]" = "iPhone Developer";
				COPY_PHASE_STRIP = NO;
				GCC_C_LANGUAGE_STANDARD = gnu99;
				GCC_DYNAMIC_NO_PIC = NO;
				GCC_OPTIMIZATION_LEVEL = 0;
				GCC_PREPROCESSOR_DEFINITIONS = (
					"DEBUG=1",
					"$(inherited)",
				);
				GCC_SYMBOLS_PRIVATE_EXTERN = NO;
				GCC_VERSION = com.apple.compilers.llvm.clang.1_0;
				GCC_WARN_ABOUT_RETURN_TYPE = YES;
				GCC_WARN_UNINITIALIZED_AUTOS = YES;
				GCC_WARN_UNUSED_VARIABLE = YES;
				IPHONEOS_DEPLOYMENT_TARGET = 4.0;
				SDKROOT = iphoneos;
				TARGETED_DEVICE_FAMILY = "1,2";
			};
			name = Debug;
		};
		41320F30158989500092B1B5 /* Release */ = {
			isa = XCBuildConfiguration;
			buildSettings = {
				ALWAYS_SEARCH_USER_PATHS = NO;
				ARCHS = (
					armv6,
					armv7,
				);
				"CODE_SIGN_IDENTITY[sdk=iphoneos*]" = "iPhone Developer";
				COPY_PHASE_STRIP = YES;
				GCC_C_LANGUAGE_STANDARD = gnu99;
				GCC_VERSION = com.apple.compilers.llvm.clang.1_0;
				GCC_WARN_ABOUT_RETURN_TYPE = YES;
				GCC_WARN_UNINITIALIZED_AUTOS = YES;
				GCC_WARN_UNUSED_VARIABLE = YES;
				IPHONEOS_DEPLOYMENT_TARGET = 4.0;
				OTHER_CFLAGS = "-DNS_BLOCK_ASSERTIONS=1";
				SDKROOT = iphoneos;
				TARGETED_DEVICE_FAMILY = "1,2";
				VALIDATE_PRODUCT = YES;
			};
			name = Release;
		};
		41320F32158989500092B1B5 /* Debug */ = {
			isa = XCBuildConfiguration;
			buildSettings = {
				GCC_PRECOMPILE_PREFIX_HEADER = YES;
				GCC_PREFIX_HEADER = "upyundemo/upyundemo-Prefix.pch";
				INFOPLIST_FILE = "upyundemo/upyundemo-Info.plist";
				IPHONEOS_DEPLOYMENT_TARGET = 4.0;
				LIBRARY_SEARCH_PATHS = (
					"$(inherited)",
					"\"$(SRCROOT)/../..\"",
					"\"$(SRCROOT)/upyundemo\"",
					"\"$(SRCROOT)\"",
				);
				PRODUCT_NAME = "$(TARGET_NAME)";
				WRAPPER_EXTENSION = app;
			};
			name = Debug;
		};
		41320F33158989500092B1B5 /* Release */ = {
			isa = XCBuildConfiguration;
			buildSettings = {
				GCC_PRECOMPILE_PREFIX_HEADER = YES;
				GCC_PREFIX_HEADER = "upyundemo/upyundemo-Prefix.pch";
				INFOPLIST_FILE = "upyundemo/upyundemo-Info.plist";
				IPHONEOS_DEPLOYMENT_TARGET = 4.0;
				LIBRARY_SEARCH_PATHS = (
					"$(inherited)",
					"\"$(SRCROOT)/../..\"",
					"\"$(SRCROOT)/upyundemo\"",
					"\"$(SRCROOT)\"",
				);
				PRODUCT_NAME = "$(TARGET_NAME)";
				WRAPPER_EXTENSION = app;
			};
			name = Release;
		};
		41320F35158989500092B1B5 /* Debug */ = {
			isa = XCBuildConfiguration;
			buildSettings = {
				BUNDLE_LOADER = "$(BUILT_PRODUCTS_DIR)/upyundemo.app/upyundemo";
				FRAMEWORK_SEARCH_PATHS = (
					"$(SDKROOT)/Developer/Library/Frameworks",
					"$(DEVELOPER_LIBRARY_DIR)/Frameworks",
				);
				GCC_PRECOMPILE_PREFIX_HEADER = YES;
				GCC_PREFIX_HEADER = "upyundemo/upyundemo-Prefix.pch";
				INFOPLIST_FILE = "upyundemoTests/upyundemoTests-Info.plist";
				PRODUCT_NAME = "$(TARGET_NAME)";
				TEST_HOST = "$(BUNDLE_LOADER)";
				WRAPPER_EXTENSION = octest;
			};
			name = Debug;
		};
		41320F36158989500092B1B5 /* Release */ = {
			isa = XCBuildConfiguration;
			buildSettings = {
				BUNDLE_LOADER = "$(BUILT_PRODUCTS_DIR)/upyundemo.app/upyundemo";
				FRAMEWORK_SEARCH_PATHS = (
					"$(SDKROOT)/Developer/Library/Frameworks",
					"$(DEVELOPER_LIBRARY_DIR)/Frameworks",
				);
				GCC_PRECOMPILE_PREFIX_HEADER = YES;
				GCC_PREFIX_HEADER = "upyundemo/upyundemo-Prefix.pch";
				INFOPLIST_FILE = "upyundemoTests/upyundemoTests-Info.plist";
				PRODUCT_NAME = "$(TARGET_NAME)";
				TEST_HOST = "$(BUNDLE_LOADER)";
				WRAPPER_EXTENSION = octest;
			};
			name = Release;
		};
/* End XCBuildConfiguration section */

/* Begin XCConfigurationList section */
		41320EF5158989500092B1B5 /* Build configuration list for PBXProject "upyundemo" */ = {
			isa = XCConfigurationList;
			buildConfigurations = (
				41320F2F158989500092B1B5 /* Debug */,
				41320F30158989500092B1B5 /* Release */,
			);
			defaultConfigurationIsVisible = 0;
			defaultConfigurationName = Release;
		};
		41320F31158989500092B1B5 /* Build configuration list for PBXNativeTarget "upyundemo" */ = {
			isa = XCConfigurationList;
			buildConfigurations = (
				41320F32158989500092B1B5 /* Debug */,
				41320F33158989500092B1B5 /* Release */,
			);
			defaultConfigurationIsVisible = 0;
			defaultConfigurationName = Release;
		};
		41320F34158989500092B1B5 /* Build configuration list for PBXNativeTarget "upyundemoTests" */ = {
			isa = XCConfigurationList;
			buildConfigurations = (
				41320F35158989500092B1B5 /* Debug */,
				41320F36158989500092B1B5 /* Release */,
			);
			defaultConfigurationIsVisible = 0;
			defaultConfigurationName = Release;
		};
/* End XCConfigurationList section */
	};
	rootObject = 41320EF2158989500092B1B5 /* Project object */;
}
